
Microsoft Visual Studio Solution File, Format Version 12.00
# Visual Studio 14
VisualStudioVersion = 14.0.25420.1
MinimumVisualStudioVersion = 10.0.40219.1
Project("{FAE04EC0-301F-11D3-BF4B-00C04F79EFBC}") = "01.BinomialCoeficients", "01.BinomialCoeficients\01.BinomialCoeficients.csproj", "{180FF8B8-C9C8-40DA-8BD3-C9C89996A08B}"
EndProject
Project("{FAE04EC0-301F-11D3-BF4B-00C04F79EFBC}") = "05.SumUnlimitedAmountOfCoins", "05.SumUnlimitedAmountOfCoins\05.SumUnlimitedAmountOfCoins.csproj", "{F1E69752-BF97-465F-91B8-AD1AF2B206BC}"
EndProject
Project("{FAE04EC0-301F-11D3-BF4B-00C04F79EFBC}") = "08.ConnectingCables", "08.ConnectingCables\08.ConnectingCables.csproj", "{F05B081E-3623-4128-9D00-4000FE5D8C1E}"
EndProject
Global
	GlobalSection(SolutionConfigurationPlatforms) = preSolution
		Debug|Any CPU = Debug|Any CPU
		Release|Any CPU = Release|Any CPU
	EndGlobalSection
	GlobalSection(ProjectConfigurationPlatforms) = postSolution
		{180FF8B8-C9C8-40DA-8BD3-C9C89996A08B}.Debug|Any CPU.ActiveCfg = Debug|Any CPU
		{180FF8B8-C9C8-40DA-8BD3-C9C89996A08B}.Debug|Any CPU.Build.0 = Debug|Any CPU
		{180FF8B8-C9C8-40DA-8BD3-C9C89996A08B}.Release|Any CPU.ActiveCfg = Release|Any CPU
		{180FF8B8-C9C8-40DA-8BD3-C9C89996A08B}.Release|Any CPU.Build.0 = Release|Any CPU
		{F1E69752-BF97-465F-91B8-AD1AF2B206BC}.Debug|Any CPU.ActiveCfg = Debug|Any CPU
		{F1E69752-BF97-465F-91B8-AD1AF2B206BC}.Debug|Any CPU.Build.0 = Debug|Any CPU
		{F1E69752-BF97-465F-91B8-AD1AF2B206BC}.Release|Any CPU.ActiveCfg = Release|Any CPU
		{F1E69752-BF97-465F-91B8-AD1AF2B206BC}.Release|Any CPU.Build.0 = Release|Any CPU
		{F05B081E-3623-4128-9D00-4000FE5D8C1E}.Debug|Any CPU.ActiveCfg = Debug|Any CPU
		{F05B081E-3623-4128-9D00-4000FE5D8C1E}.Debug|Any CPU.Build.0 = Debug|Any CPU
		{F05B081E-3623-4128-9D00-4000FE5D8C1E}.Release|Any CPU.ActiveCfg = Release|Any CPU
		{F05B081E-3623-4128-9D00-4000FE5D8C1E}.Release|Any CPU.Build.0 = Release|Any CPU
	EndGlobalSection
	GlobalSection(SolutionProperties) = preSolution
		HideSolutionNode = FALSE
	EndGlobalSection
EndGlobal
