
Microsoft Visual Studio Solution File, Format Version 12.00
# Visual Studio 14
VisualStudioVersion = 14.0.25420.1
MinimumVisualStudioVersion = 10.0.40219.1
Project("{FAE04EC0-301F-11D3-BF4B-00C04F79EFBC}") = "01.VariationsWithRepetition", "01.VariationsWithRepetition\01.VariationsWithRepetition.csproj", "{95A35DEE-F125-439D-9B69-B93B5C1F3ADE}"
EndProject
Project("{FAE04EC0-301F-11D3-BF4B-00C04F79EFBC}") = "02.VariationsWithoutRepetitions", "02.VariationsWithoutRepetitions\02.VariationsWithoutRepetitions.csproj", "{430FDCFC-056D-4D88-9FF6-1BBF1537D2B5}"
EndProject
Project("{FAE04EC0-301F-11D3-BF4B-00C04F79EFBC}") = "03.CombinationsWithRepetitions", "03.CombinationsWithRepetitions\03.CombinationsWithRepetitions.csproj", "{B52A5ADD-F8DA-40A5-930B-385076620988}"
EndProject
Global
	GlobalSection(SolutionConfigurationPlatforms) = preSolution
		Debug|Any CPU = Debug|Any CPU
		Release|Any CPU = Release|Any CPU
	EndGlobalSection
	GlobalSection(ProjectConfigurationPlatforms) = postSolution
		{95A35DEE-F125-439D-9B69-B93B5C1F3ADE}.Debug|Any CPU.ActiveCfg = Debug|Any CPU
		{95A35DEE-F125-439D-9B69-B93B5C1F3ADE}.Debug|Any CPU.Build.0 = Debug|Any CPU
		{95A35DEE-F125-439D-9B69-B93B5C1F3ADE}.Release|Any CPU.ActiveCfg = Release|Any CPU
		{95A35DEE-F125-439D-9B69-B93B5C1F3ADE}.Release|Any CPU.Build.0 = Release|Any CPU
		{430FDCFC-056D-4D88-9FF6-1BBF1537D2B5}.Debug|Any CPU.ActiveCfg = Debug|Any CPU
		{430FDCFC-056D-4D88-9FF6-1BBF1537D2B5}.Debug|Any CPU.Build.0 = Debug|Any CPU
		{430FDCFC-056D-4D88-9FF6-1BBF1537D2B5}.Release|Any CPU.ActiveCfg = Release|Any CPU
		{430FDCFC-056D-4D88-9FF6-1BBF1537D2B5}.Release|Any CPU.Build.0 = Release|Any CPU
		{B52A5ADD-F8DA-40A5-930B-385076620988}.Debug|Any CPU.ActiveCfg = Debug|Any CPU
		{B52A5ADD-F8DA-40A5-930B-385076620988}.Debug|Any CPU.Build.0 = Debug|Any CPU
		{B52A5ADD-F8DA-40A5-930B-385076620988}.Release|Any CPU.ActiveCfg = Release|Any CPU
		{B52A5ADD-F8DA-40A5-930B-385076620988}.Release|Any CPU.Build.0 = Release|Any CPU
	EndGlobalSection
	GlobalSection(SolutionProperties) = preSolution
		HideSolutionNode = FALSE
	EndGlobalSection
EndGlobal
