
Microsoft Visual Studio Solution File, Format Version 12.00
# Visual Studio 14
VisualStudioVersion = 14.0.24720.0
MinimumVisualStudioVersion = 10.0.40219.1
Project("{FAE04EC0-301F-11D3-BF4B-00C04F79EFBC}") = "01.BabaTincheAirlines", "01.BabaTincheAirlines\01.BabaTincheAirlines.csproj", "{9264D458-1092-4923-90BC-6F1651080D51}"
EndProject
Project("{FAE04EC0-301F-11D3-BF4B-00C04F79EFBC}") = "02.Numerology", "02.Numerology\02.Numerology.csproj", "{424B56EB-9876-4B63-85F1-A4D935ED3A7F}"
EndProject
Project("{FAE04EC0-301F-11D3-BF4B-00C04F79EFBC}") = "03.Roklq", "03.Roklq\03.Roklq.csproj", "{9C4A6390-EA3D-4AAF-9534-23D6BD56E53C}"
EndProject
Project("{FAE04EC0-301F-11D3-BF4B-00C04F79EFBC}") = "04.Gambling", "04.Gambling\04.Gambling.csproj", "{5158CBA0-ABC6-44DE-B0D8-3180650D843B}"
EndProject
Project("{FAE04EC0-301F-11D3-BF4B-00C04F79EFBC}") = "05.BitBuilder", "05.BitBuilder\05.BitBuilder.csproj", "{2BA7AC6A-0C5F-42CE-B64F-5776B38903D3}"
EndProject
Global
	GlobalSection(SolutionConfigurationPlatforms) = preSolution
		Debug|Any CPU = Debug|Any CPU
		Release|Any CPU = Release|Any CPU
	EndGlobalSection
	GlobalSection(ProjectConfigurationPlatforms) = postSolution
		{9264D458-1092-4923-90BC-6F1651080D51}.Debug|Any CPU.ActiveCfg = Debug|Any CPU
		{9264D458-1092-4923-90BC-6F1651080D51}.Debug|Any CPU.Build.0 = Debug|Any CPU
		{9264D458-1092-4923-90BC-6F1651080D51}.Release|Any CPU.ActiveCfg = Release|Any CPU
		{9264D458-1092-4923-90BC-6F1651080D51}.Release|Any CPU.Build.0 = Release|Any CPU
		{424B56EB-9876-4B63-85F1-A4D935ED3A7F}.Debug|Any CPU.ActiveCfg = Debug|Any CPU
		{424B56EB-9876-4B63-85F1-A4D935ED3A7F}.Debug|Any CPU.Build.0 = Debug|Any CPU
		{424B56EB-9876-4B63-85F1-A4D935ED3A7F}.Release|Any CPU.ActiveCfg = Release|Any CPU
		{424B56EB-9876-4B63-85F1-A4D935ED3A7F}.Release|Any CPU.Build.0 = Release|Any CPU
		{9C4A6390-EA3D-4AAF-9534-23D6BD56E53C}.Debug|Any CPU.ActiveCfg = Debug|Any CPU
		{9C4A6390-EA3D-4AAF-9534-23D6BD56E53C}.Debug|Any CPU.Build.0 = Debug|Any CPU
		{9C4A6390-EA3D-4AAF-9534-23D6BD56E53C}.Release|Any CPU.ActiveCfg = Release|Any CPU
		{9C4A6390-EA3D-4AAF-9534-23D6BD56E53C}.Release|Any CPU.Build.0 = Release|Any CPU
		{5158CBA0-ABC6-44DE-B0D8-3180650D843B}.Debug|Any CPU.ActiveCfg = Debug|Any CPU
		{5158CBA0-ABC6-44DE-B0D8-3180650D843B}.Debug|Any CPU.Build.0 = Debug|Any CPU
		{5158CBA0-ABC6-44DE-B0D8-3180650D843B}.Release|Any CPU.ActiveCfg = Release|Any CPU
		{5158CBA0-ABC6-44DE-B0D8-3180650D843B}.Release|Any CPU.Build.0 = Release|Any CPU
		{2BA7AC6A-0C5F-42CE-B64F-5776B38903D3}.Debug|Any CPU.ActiveCfg = Debug|Any CPU
		{2BA7AC6A-0C5F-42CE-B64F-5776B38903D3}.Debug|Any CPU.Build.0 = Debug|Any CPU
		{2BA7AC6A-0C5F-42CE-B64F-5776B38903D3}.Release|Any CPU.ActiveCfg = Release|Any CPU
		{2BA7AC6A-0C5F-42CE-B64F-5776B38903D3}.Release|Any CPU.Build.0 = Release|Any CPU
	EndGlobalSection
	GlobalSection(SolutionProperties) = preSolution
		HideSolutionNode = FALSE
	EndGlobalSection
EndGlobal
