
Microsoft Visual Studio Solution File, Format Version 12.00
# Visual Studio 14
VisualStudioVersion = 14.0.25420.1
MinimumVisualStudioVersion = 10.0.40219.1
Project("{FAE04EC0-301F-11D3-BF4B-00C04F79EFBC}") = "01.ReverseNumbersWithStack", "01.ReverseNumbersWithStack\01.ReverseNumbersWithStack.csproj", "{4E701587-B6C8-4851-BCB6-5C7AF466B7B0}"
EndProject
Project("{FAE04EC0-301F-11D3-BF4B-00C04F79EFBC}") = "02.CalculateSequenceWithQueue", "02.CalculateSequenceWithQueue\02.CalculateSequenceWithQueue.csproj", "{FC54C4EA-AD3E-448A-B2B2-AA3DDC0B96D5}"
EndProject
Project("{FAE04EC0-301F-11D3-BF4B-00C04F79EFBC}") = "09.SequenceNtoM", "09.SequenceNtoM\09.SequenceNtoM.csproj", "{C77842EE-C062-4330-838E-47C3AA1FD419}"
EndProject
Project("{FAE04EC0-301F-11D3-BF4B-00C04F79EFBC}") = "03.ArrayBasedStack", "03.ArrayBasedStack\03.ArrayBasedStack.csproj", "{A666502B-E9E6-4628-8AB1-AC82AC03ABB4}"
EndProject
Project("{FAE04EC0-301F-11D3-BF4B-00C04F79EFBC}") = "03.ArrayStackUnitTests", "03.ArrayBasedStackArrayStackUnitTests\03.ArrayStackUnitTests.csproj", "{FC40BB0A-E657-4924-B7A0-E1DBF8599F45}"
EndProject
Project("{FAE04EC0-301F-11D3-BF4B-00C04F79EFBC}") = "05.LinkedStackMain", "05.LinkedStackMain\05.LinkedStackMain.csproj", "{0E95CDDA-4E9F-4340-8CC0-C4F0BBEA094D}"
EndProject
Project("{FAE04EC0-301F-11D3-BF4B-00C04F79EFBC}") = "07.LinkedQueue", "07.LinkedQueue\07.LinkedQueue.csproj", "{C28035BE-1D62-4FBC-9887-494DE544D2D3}"
EndProject
Global
	GlobalSection(SolutionConfigurationPlatforms) = preSolution
		Debug|Any CPU = Debug|Any CPU
		Release|Any CPU = Release|Any CPU
	EndGlobalSection
	GlobalSection(ProjectConfigurationPlatforms) = postSolution
		{4E701587-B6C8-4851-BCB6-5C7AF466B7B0}.Debug|Any CPU.ActiveCfg = Debug|Any CPU
		{4E701587-B6C8-4851-BCB6-5C7AF466B7B0}.Debug|Any CPU.Build.0 = Debug|Any CPU
		{4E701587-B6C8-4851-BCB6-5C7AF466B7B0}.Release|Any CPU.ActiveCfg = Release|Any CPU
		{4E701587-B6C8-4851-BCB6-5C7AF466B7B0}.Release|Any CPU.Build.0 = Release|Any CPU
		{FC54C4EA-AD3E-448A-B2B2-AA3DDC0B96D5}.Debug|Any CPU.ActiveCfg = Debug|Any CPU
		{FC54C4EA-AD3E-448A-B2B2-AA3DDC0B96D5}.Debug|Any CPU.Build.0 = Debug|Any CPU
		{FC54C4EA-AD3E-448A-B2B2-AA3DDC0B96D5}.Release|Any CPU.ActiveCfg = Release|Any CPU
		{FC54C4EA-AD3E-448A-B2B2-AA3DDC0B96D5}.Release|Any CPU.Build.0 = Release|Any CPU
		{C77842EE-C062-4330-838E-47C3AA1FD419}.Debug|Any CPU.ActiveCfg = Debug|Any CPU
		{C77842EE-C062-4330-838E-47C3AA1FD419}.Debug|Any CPU.Build.0 = Debug|Any CPU
		{C77842EE-C062-4330-838E-47C3AA1FD419}.Release|Any CPU.ActiveCfg = Release|Any CPU
		{C77842EE-C062-4330-838E-47C3AA1FD419}.Release|Any CPU.Build.0 = Release|Any CPU
		{A666502B-E9E6-4628-8AB1-AC82AC03ABB4}.Debug|Any CPU.ActiveCfg = Debug|Any CPU
		{A666502B-E9E6-4628-8AB1-AC82AC03ABB4}.Debug|Any CPU.Build.0 = Debug|Any CPU
		{A666502B-E9E6-4628-8AB1-AC82AC03ABB4}.Release|Any CPU.ActiveCfg = Release|Any CPU
		{A666502B-E9E6-4628-8AB1-AC82AC03ABB4}.Release|Any CPU.Build.0 = Release|Any CPU
		{FC40BB0A-E657-4924-B7A0-E1DBF8599F45}.Debug|Any CPU.ActiveCfg = Debug|Any CPU
		{FC40BB0A-E657-4924-B7A0-E1DBF8599F45}.Debug|Any CPU.Build.0 = Debug|Any CPU
		{FC40BB0A-E657-4924-B7A0-E1DBF8599F45}.Release|Any CPU.ActiveCfg = Release|Any CPU
		{FC40BB0A-E657-4924-B7A0-E1DBF8599F45}.Release|Any CPU.Build.0 = Release|Any CPU
		{0E95CDDA-4E9F-4340-8CC0-C4F0BBEA094D}.Debug|Any CPU.ActiveCfg = Debug|Any CPU
		{0E95CDDA-4E9F-4340-8CC0-C4F0BBEA094D}.Debug|Any CPU.Build.0 = Debug|Any CPU
		{0E95CDDA-4E9F-4340-8CC0-C4F0BBEA094D}.Release|Any CPU.ActiveCfg = Release|Any CPU
		{0E95CDDA-4E9F-4340-8CC0-C4F0BBEA094D}.Release|Any CPU.Build.0 = Release|Any CPU
		{C28035BE-1D62-4FBC-9887-494DE544D2D3}.Debug|Any CPU.ActiveCfg = Debug|Any CPU
		{C28035BE-1D62-4FBC-9887-494DE544D2D3}.Debug|Any CPU.Build.0 = Debug|Any CPU
		{C28035BE-1D62-4FBC-9887-494DE544D2D3}.Release|Any CPU.ActiveCfg = Release|Any CPU
		{C28035BE-1D62-4FBC-9887-494DE544D2D3}.Release|Any CPU.Build.0 = Release|Any CPU
	EndGlobalSection
	GlobalSection(SolutionProperties) = preSolution
		HideSolutionNode = FALSE
	EndGlobalSection
EndGlobal
