
Microsoft Visual Studio Solution File, Format Version 12.00
# Visual Studio 15
VisualStudioVersion = 15.0.28010.2041
MinimumVisualStudioVersion = 10.0.40219.1
Project("{9A19103F-16F7-4668-BE54-9A1E7A4F7556}") = "Employees", "Lab_Solutions\Employees.csproj", "{1228603B-0FCF-42C7-984D-E4CE0E76A10F}"
EndProject
Project("{FAE04EC0-301F-11D3-BF4B-00C04F79EFBC}") = "ManyToManyRelation", "ManyToManyRelation\ManyToManyRelation.csproj", "{8E699AD3-56A4-482B-A6B1-7A23E53149C6}"
EndProject
Project("{FAE04EC0-301F-11D3-BF4B-00C04F79EFBC}") = "ShopHierarchy", "ShopHierarchy\ShopHierarchy.csproj", "{92DD3658-BF43-4032-AD54-9887A92E50A2}"
EndProject
Global
	GlobalSection(SolutionConfigurationPlatforms) = preSolution
		Debug|Any CPU = Debug|Any CPU
		Release|Any CPU = Release|Any CPU
	EndGlobalSection
	GlobalSection(ProjectConfigurationPlatforms) = postSolution
		{1228603B-0FCF-42C7-984D-E4CE0E76A10F}.Debug|Any CPU.ActiveCfg = Debug|Any CPU
		{1228603B-0FCF-42C7-984D-E4CE0E76A10F}.Debug|Any CPU.Build.0 = Debug|Any CPU
		{1228603B-0FCF-42C7-984D-E4CE0E76A10F}.Release|Any CPU.ActiveCfg = Release|Any CPU
		{1228603B-0FCF-42C7-984D-E4CE0E76A10F}.Release|Any CPU.Build.0 = Release|Any CPU
		{8E699AD3-56A4-482B-A6B1-7A23E53149C6}.Debug|Any CPU.ActiveCfg = Debug|Any CPU
		{8E699AD3-56A4-482B-A6B1-7A23E53149C6}.Debug|Any CPU.Build.0 = Debug|Any CPU
		{8E699AD3-56A4-482B-A6B1-7A23E53149C6}.Release|Any CPU.ActiveCfg = Release|Any CPU
		{8E699AD3-56A4-482B-A6B1-7A23E53149C6}.Release|Any CPU.Build.0 = Release|Any CPU
		{92DD3658-BF43-4032-AD54-9887A92E50A2}.Debug|Any CPU.ActiveCfg = Debug|Any CPU
		{92DD3658-BF43-4032-AD54-9887A92E50A2}.Debug|Any CPU.Build.0 = Debug|Any CPU
		{92DD3658-BF43-4032-AD54-9887A92E50A2}.Release|Any CPU.ActiveCfg = Release|Any CPU
		{92DD3658-BF43-4032-AD54-9887A92E50A2}.Release|Any CPU.Build.0 = Release|Any CPU
	EndGlobalSection
	GlobalSection(SolutionProperties) = preSolution
		HideSolutionNode = FALSE
	EndGlobalSection
	GlobalSection(ExtensibilityGlobals) = postSolution
		SolutionGuid = {CF6D472B-9A40-46F3-B5BA-B7C62A65CCAE}
	EndGlobalSection
EndGlobal
